<?xml version="1.0" encoding="UTF-8"?>
<!DOCTYPE plist PUBLIC "-//Apple//DTD PLIST 1.0//EN" "http://www.apple.com/DTDs/PropertyList-1.0.dtd">
<plist version="1.0">
<dict>
	<key>archiveVersion</key>
	<string>1</string>
	<key>classes</key>
	<dict/>
	<key>objectVersion</key>
	<string>56</string>
	<key>objects</key>
	<dict>
		<!-- Root Project Object -->
		<key>PROJECT</key>
		<dict>
			<key>isa</key>
			<string>PBXProject</string>
			<key>buildConfigurationList</key>
			<string>buildConfigList</string>
			<key>mainGroup</key>
			<string>mainGroup</string>
			<key>targets</key>
			<array>
				<string>nativeTarget</string>
			</array>
		</dict>

		<!-- Main Group -->
		<key>mainGroup</key>
		<dict>
			<key>isa</key>
			<string>PBXGroup</string>
			<key>children</key>
			<array>
				<string>sourceGroup</string>
				<string>productsGroup</string>
			</array>
		</dict>

		<!-- Source Group -->
		<key>sourceGroup</key>
		<dict>
			<key>isa</key>
			<string>PBXGroup</string>
			<key>children</key>
			<array>
				<string>fileApp</string>
				<string>fileTypes</string>
				<string>fileAccountManager</string>
				<string>fileBalanceManager</string>
				<string>fileDashboardParser</string>
				<string>fileWebLoginWindowController</string>
				<string>fileKeychainHelper</string>
				<string>fileMenuContent</string>
				<string>fileSettingsView</string>
				<string>fileSettingsWindowController</string>
				<string>fileRouterManager</string>
				<string>fileRouterSidecar</string>
				<string>fileAssets</string>
			</array>
			<key>path</key>
			<string>FreeModelMenuBar</string>
			<key>sourceTree</key>
			<string>&lt;group&gt;</string>
		</dict>

		<!-- Products Group -->
		<key>productsGroup</key>
		<dict>
			<key>isa</key>
			<string>PBXGroup</string>
			<key>children</key>
			<array>
				<string>productRef</string>
			</array>
			<key>sourceTree</key>
			<string>&lt;group&gt;</string>
		</dict>

		<!-- Native Target -->
		<key>nativeTarget</key>
		<dict>
			<key>isa</key>
			<string>PBXNativeTarget</string>
			<key>buildConfigurationList</key>
			<string>targetConfigList</string>
			<key>buildPhases</key>
			<array>
				<string>sourcesPhase</string>
				<string>frameworksPhase</string>
				<string>resourcesPhase</string>
			</array>
			<key>name</key>
			<string>FreeModelMenuBar</string>
			<key>productReference</key>
			<string>productRef</string>
			<key>productType</key>
			<string>com.apple.product-type.application</string>
		</dict>

		<!-- Build Configurations -->
		<key>buildConfigList</key>
		<dict>
			<key>isa</key>
			<string>XCConfigurationList</string>
			<key>buildConfigurations</key>
			<array>
				<string>debugConfig</string>
				<string>releaseConfig</string>
			</array>
		</dict>

		<key>debugConfig</key>
		<dict>
			<key>isa</key>
			<string>XCBuildConfiguration</string>
			<key>buildSettings</key>
			<dict>
					<key>ALWAYS_SEARCH_USER_PATHS</key>
					<string>NO</string>
					<key>ASSETCATALOG_COMPILER_APPICON_NAME</key>
					<string>AppIcon</string>
					<key>ASSETCATALOG_COMPILER_GENERATE_SWIFT_ASSET_SYMBOL_EXTENSIONS</key>
					<string>YES</string>
				<key>CLANG_ANALYZER_NONNULL</key>
				<string>YES</string>
				<key>CLANG_ANALYZER_NUMBER_OBJECT_CONVERSION</key>
				<string>YES_AGGRESSIVE</string>
				<key>CLANG_CXX_LANGUAGE_STANDARD</key>
				<string>gnu++20</string>
				<key>CLANG_ENABLE_MODULES</key>
				<string>YES</string>
				<key>CLANG_ENABLE_OBJC_ARC</key>
				<string>YES</string>
				<key>CODE_SIGN_STYLE</key>
				<string>Automatic</string>
				<key>COMBINE_HIDPI_IMAGES</key>
				<string>YES</string>
				<key>CURRENT_PROJECT_VERSION</key>
				<string>1</string>
				<key>DEVELOPMENT_TEAM</key>
				<string></string>
				<key>ENABLE_HARDENED_RUNTIME</key>
				<string>YES</string>
				<key>GENERATE_INFOPLIST_FILE</key>
				<string>YES</string>
				<key>INFOPLIST_KEY_CFBundleDisplayName</key>
				<string>FreeModel</string>
				<key>INFOPLIST_KEY_LSApplicationCategoryType</key>
				<string>public.app-category.utilities</string>
				<key>INFOPLIST_KEY_LSUIMainStoryboardFile</key>
				<string></string>
				<key>INFOPLIST_KEY_NSHumanReadableCopyright</key>
				<string></string>
				<key>LD_RUNPATH_SEARCH_PATHS</key>
				<string>$(inherited) @executable_path/../Frameworks</string>
				<key>MACOSX_DEPLOYMENT_TARGET</key>
				<string>13.0</string>
				<key>MARKETING_VERSION</key>
				<string>1.0</string>
				<key>PRODUCT_BUNDLE_IDENTIFIER</key>
				<string>com.freemodel.menubar</string>
				<key>PRODUCT_NAME</key>
				<string>$(TARGET_NAME)</string>
				<key>SWIFT_EMIT_LOC_STRINGS</key>
				<string>YES</string>
				<key>SWIFT_VERSION</key>
				<string>5.0</string>
			</dict>
			<key>name</key>
			<string>Debug</string>
		</dict>

		<key>releaseConfig</key>
		<dict>
			<key>isa</key>
			<string>XCBuildConfiguration</string>
			<key>buildSettings</key>
			<dict>
					<key>ALWAYS_SEARCH_USER_PATHS</key>
					<string>NO</string>
					<key>ASSETCATALOG_COMPILER_APPICON_NAME</key>
					<string>AppIcon</string>
					<key>ASSETCATALOG_COMPILER_GENERATE_SWIFT_ASSET_SYMBOL_EXTENSIONS</key>
					<string>YES</string>
				<key>CLANG_ANALYZER_NONNULL</key>
				<string>YES</string>
				<key>CLANG_ANALYZER_NUMBER_OBJECT_CONVERSION</key>
				<string>YES_AGGRESSIVE</string>
				<key>CLANG_CXX_LANGUAGE_STANDARD</key>
				<string>gnu++20</string>
				<key>CLANG_ENABLE_MODULES</key>
				<string>YES</string>
				<key>CLANG_ENABLE_OBJC_ARC</key>
				<string>YES</string>
				<key>CODE_SIGN_STYLE</key>
				<string>Automatic</string>
				<key>COMBINE_HIDPI_IMAGES</key>
				<string>YES</string>
				<key>CURRENT_PROJECT_VERSION</key>
				<string>1</string>
				<key>DEVELOPMENT_TEAM</key>
				<string></string>
				<key>ENABLE_HARDENED_RUNTIME</key>
				<string>YES</string>
				<key>GENERATE_INFOPLIST_FILE</key>
				<string>YES</string>
				<key>INFOPLIST_KEY_CFBundleDisplayName</key>
				<string>FreeModel</string>
				<key>INFOPLIST_KEY_LSApplicationCategoryType</key>
				<string>public.app-category.utilities</string>
				<key>INFOPLIST_KEY_LSUIMainStoryboardFile</key>
				<string></string>
				<key>INFOPLIST_KEY_NSHumanReadableCopyright</key>
				<string></string>
				<key>LD_RUNPATH_SEARCH_PATHS</key>
				<string>$(inherited) @executable_path/../Frameworks</string>
				<key>MACOSX_DEPLOYMENT_TARGET</key>
				<string>13.0</string>
				<key>MARKETING_VERSION</key>
				<string>1.0</string>
				<key>PRODUCT_BUNDLE_IDENTIFIER</key>
				<string>com.freemodel.menubar</string>
				<key>PRODUCT_NAME</key>
				<string>$(TARGET_NAME)</string>
				<key>SWIFT_EMIT_LOC_STRINGS</key>
				<string>YES</string>
				<key>SWIFT_VERSION</key>
				<string>5.0</string>
			</dict>
			<key>name</key>
			<string>Release</string>
		</dict>

		<key>targetConfigList</key>
		<dict>
			<key>isa</key>
			<string>XCConfigurationList</string>
			<key>buildConfigurations</key>
			<array>
				<string>debugConfig</string>
				<string>releaseConfig</string>
			</array>
		</dict>

		<!-- Source Build Phase -->
		<key>sourcesPhase</key>
		<dict>
			<key>isa</key>
			<string>PBXSourcesBuildPhase</string>
			<key>files</key>
			<array>
				<string>buildFileApp</string>
				<string>buildFileTypes</string>
				<string>buildFileAccountManager</string>
				<string>buildFileBalanceManager</string>
				<string>buildFileDashboardParser</string>
				<string>buildFileWebLoginWindowController</string>
				<string>buildFileKeychainHelper</string>
				<string>buildFileMenuContent</string>
				<string>buildFileSettingsView</string>
				<string>buildFileSettingsWindowController</string>
				<string>buildFileRouterManager</string>
			</array>
			<key>runOnlyForDeploymentPostprocessing</key>
			<string>0</string>
		</dict>

		<!-- Frameworks Build Phase -->
		<key>frameworksPhase</key>
		<dict>
			<key>isa</key>
			<string>PBXFrameworksBuildPhase</string>
			<key>files</key>
			<array/>
			<key>runOnlyForDeploymentPostprocessing</key>
			<string>0</string>
		</dict>

		<!-- Resources Build Phase -->
		<key>resourcesPhase</key>
		<dict>
			<key>isa</key>
			<string>PBXResourcesBuildPhase</string>
			<key>files</key>
			<array>
				<string>buildFileAssets</string>
				<string>buildFileRouterSidecar</string>
			</array>
			<key>runOnlyForDeploymentPostprocessing</key>
			<string>0</string>
		</dict>

		<!-- File References -->
		<key>fileApp</key>
		<dict>
			<key>isa</key>
			<string>PBXFileReference</string>
			<key>fileEncoding</key>
			<string>4</string>
			<key>lastKnownFileType</key>
			<string>sourcecode.swift</string>
			<key>name</key>
			<string>FreeModelMenuBarApp.swift</string>
			<key>path</key>
			<string>FreeModelMenuBarApp.swift</string>
			<key>sourceTree</key>
			<string>&lt;group&gt;</string>
		</dict>
		<key>buildFileApp</key>
		<dict>
			<key>isa</key>
			<string>PBXBuildFile</string>
			<key>fileRef</key>
			<string>fileApp</string>
		</dict>

		<key>fileTypes</key>
		<dict>
			<key>isa</key>
			<string>PBXFileReference</string>
			<key>fileEncoding</key>
			<string>4</string>
			<key>lastKnownFileType</key>
			<string>sourcecode.swift</string>
			<key>name</key>
			<string>FreeModelTypes.swift</string>
			<key>path</key>
			<string>FreeModelTypes.swift</string>
			<key>sourceTree</key>
			<string>&lt;group&gt;</string>
		</dict>
		<key>buildFileTypes</key>
		<dict>
			<key>isa</key>
			<string>PBXBuildFile</string>
			<key>fileRef</key>
			<string>fileTypes</string>
		</dict>

		<key>fileAccountManager</key>
		<dict>
			<key>isa</key>
			<string>PBXFileReference</string>
			<key>fileEncoding</key>
			<string>4</string>
			<key>lastKnownFileType</key>
			<string>sourcecode.swift</string>
			<key>name</key>
			<string>AccountManager.swift</string>
			<key>path</key>
			<string>AccountManager.swift</string>
			<key>sourceTree</key>
			<string>&lt;group&gt;</string>
		</dict>
		<key>buildFileAccountManager</key>
		<dict>
			<key>isa</key>
			<string>PBXBuildFile</string>
			<key>fileRef</key>
			<string>fileAccountManager</string>
		</dict>

		<key>fileBalanceManager</key>
		<dict>
			<key>isa</key>
			<string>PBXFileReference</string>
			<key>fileEncoding</key>
			<string>4</string>
			<key>lastKnownFileType</key>
			<string>sourcecode.swift</string>
			<key>name</key>
			<string>BalanceManager.swift</string>
			<key>path</key>
			<string>BalanceManager.swift</string>
			<key>sourceTree</key>
			<string>&lt;group&gt;</string>
		</dict>
		<key>buildFileBalanceManager</key>
		<dict>
			<key>isa</key>
			<string>PBXBuildFile</string>
			<key>fileRef</key>
			<string>fileBalanceManager</string>
		</dict>

		<key>fileDashboardParser</key>
		<dict>
			<key>isa</key>
			<string>PBXFileReference</string>
			<key>fileEncoding</key>
			<string>4</string>
			<key>lastKnownFileType</key>
			<string>sourcecode.swift</string>
			<key>name</key>
			<string>FreeModelDashboardParser.swift</string>
			<key>path</key>
			<string>FreeModelDashboardParser.swift</string>
			<key>sourceTree</key>
			<string>&lt;group&gt;</string>
		</dict>
		<key>buildFileDashboardParser</key>
		<dict>
			<key>isa</key>
			<string>PBXBuildFile</string>
			<key>fileRef</key>
			<string>fileDashboardParser</string>
		</dict>

		<key>fileWebLoginWindowController</key>
		<dict>
			<key>isa</key>
			<string>PBXFileReference</string>
			<key>fileEncoding</key>
			<string>4</string>
			<key>lastKnownFileType</key>
			<string>sourcecode.swift</string>
			<key>name</key>
			<string>FreeModelWebLoginWindowController.swift</string>
			<key>path</key>
			<string>FreeModelWebLoginWindowController.swift</string>
			<key>sourceTree</key>
			<string>&lt;group&gt;</string>
		</dict>
		<key>buildFileWebLoginWindowController</key>
		<dict>
			<key>isa</key>
			<string>PBXBuildFile</string>
			<key>fileRef</key>
			<string>fileWebLoginWindowController</string>
		</dict>

		<key>fileKeychainHelper</key>
		<dict>
			<key>isa</key>
			<string>PBXFileReference</string>
			<key>fileEncoding</key>
			<string>4</string>
			<key>lastKnownFileType</key>
			<string>sourcecode.swift</string>
			<key>name</key>
			<string>KeychainHelper.swift</string>
			<key>path</key>
			<string>KeychainHelper.swift</string>
			<key>sourceTree</key>
			<string>&lt;group&gt;</string>
		</dict>
		<key>buildFileKeychainHelper</key>
		<dict>
			<key>isa</key>
			<string>PBXBuildFile</string>
			<key>fileRef</key>
			<string>fileKeychainHelper</string>
		</dict>

		<key>fileMenuContent</key>
		<dict>
			<key>isa</key>
			<string>PBXFileReference</string>
			<key>fileEncoding</key>
			<string>4</string>
			<key>lastKnownFileType</key>
			<string>sourcecode.swift</string>
			<key>name</key>
			<string>MenuContent.swift</string>
			<key>path</key>
			<string>MenuContent.swift</string>
			<key>sourceTree</key>
			<string>&lt;group&gt;</string>
		</dict>
		<key>buildFileMenuContent</key>
		<dict>
			<key>isa</key>
			<string>PBXBuildFile</string>
			<key>fileRef</key>
			<string>fileMenuContent</string>
		</dict>

		<key>fileSettingsView</key>
		<dict>
			<key>isa</key>
			<string>PBXFileReference</string>
			<key>fileEncoding</key>
			<string>4</string>
			<key>lastKnownFileType</key>
			<string>sourcecode.swift</string>
			<key>name</key>
			<string>SettingsView.swift</string>
			<key>path</key>
			<string>SettingsView.swift</string>
			<key>sourceTree</key>
			<string>&lt;group&gt;</string>
		</dict>
		<key>buildFileSettingsView</key>
		<dict>
			<key>isa</key>
			<string>PBXBuildFile</string>
			<key>fileRef</key>
			<string>fileSettingsView</string>
		</dict>

		<key>fileSettingsWindowController</key>
		<dict>
			<key>isa</key>
			<string>PBXFileReference</string>
			<key>fileEncoding</key>
			<string>4</string>
			<key>lastKnownFileType</key>
			<string>sourcecode.swift</string>
			<key>name</key>
			<string>SettingsWindowController.swift</string>
			<key>path</key>
			<string>SettingsWindowController.swift</string>
			<key>sourceTree</key>
			<string>&lt;group&gt;</string>
		</dict>
		<key>buildFileSettingsWindowController</key>
		<dict>
			<key>isa</key>
			<string>PBXBuildFile</string>
			<key>fileRef</key>
			<string>fileSettingsWindowController</string>
		</dict>

		<key>fileRouterManager</key>
		<dict>
			<key>isa</key>
			<string>PBXFileReference</string>
			<key>fileEncoding</key>
			<string>4</string>
			<key>lastKnownFileType</key>
			<string>sourcecode.swift</string>
			<key>name</key>
			<string>RouterManager.swift</string>
			<key>path</key>
			<string>RouterManager.swift</string>
			<key>sourceTree</key>
			<string>&lt;group&gt;</string>
		</dict>
		<key>buildFileRouterManager</key>
		<dict>
			<key>isa</key>
			<string>PBXBuildFile</string>
			<key>fileRef</key>
			<string>fileRouterManager</string>
		</dict>

		<key>fileRouterSidecar</key>
		<dict>
			<key>isa</key>
			<string>PBXFileReference</string>
			<key>fileEncoding</key>
			<string>4</string>
			<key>lastKnownFileType</key>
			<string>sourcecode.javascript</string>
			<key>name</key>
			<string>router_sidecar.js</string>
			<key>path</key>
			<string>router_sidecar.js</string>
			<key>sourceTree</key>
			<string>&lt;group&gt;</string>
		</dict>
		<key>buildFileRouterSidecar</key>
		<dict>
			<key>isa</key>
			<string>PBXBuildFile</string>
			<key>fileRef</key>
			<string>fileRouterSidecar</string>
		</dict>

		<key>fileAssets</key>
		<dict>
			<key>isa</key>
			<string>PBXFileReference</string>
			<key>lastKnownFileType</key>
			<string>folder.assetcatalog</string>
			<key>name</key>
			<string>Assets.xcassets</string>
			<key>path</key>
			<string>Assets.xcassets</string>
			<key>sourceTree</key>
			<string>&lt;group&gt;</string>
		</dict>
		<key>buildFileAssets</key>
		<dict>
			<key>isa</key>
			<string>PBXBuildFile</string>
			<key>fileRef</key>
			<string>fileAssets</string>
		</dict>

		<!-- Product Reference -->
		<key>productRef</key>
		<dict>
			<key>isa</key>
			<string>PBXFileReference</string>
			<key>explicitFileType</key>
			<string>wrapper.application</string>
			<key>includeInIndex</key>
			<string>0</string>
			<key>path</key>
			<string>FreeModelMenuBar.app</string>
			<key>sourceTree</key>
			<string>BUILT_PRODUCTS_DIR</string>
		</dict>
	</dict>
	<key>rootObject</key>
	<string>PROJECT</string>
</dict>
</plist>
