<?xml version="1.0" encoding="UTF-8"?>
<!DOCTYPE plist PUBLIC "-//Apple//DTD PLIST 1.0//EN" "http://www.apple.com/DTDs/PropertyList-1.0.dtd">
<plist version="1.0">
<dict>
	<key>archiveVersion</key>
	<string>1</string>
	<key>classes</key>
	<dict/>
	<key>objectVersion</key>
	<string>56</string>
	<key>objects</key>
	<dict>
		<!-- Root Project Object -->
		<key>PROJECT</key>
		<dict>
			<key>isa</key>
			<string>PBXProject</string>
			<key>buildConfigurationList</key>
			<string>buildConfigList</string>
			<key>mainGroup</key>
			<string>mainGroup</string>
			<key>targets</key>
			<array>
				<string>nativeTarget</string>
			</array>
		</dict>

		<!-- Main Group -->
		<key>mainGroup</key>
		<dict>
			<key>isa</key>
			<string>PBXGroup</string>
			<key>children</key>
			<array>
				<string>sourceGroup</string>
				<string>productsGroup</string>
			</array>
		</dict>

		<!-- Source Group -->
		<key>sourceGroup</key>
		<dict>
			<key>isa</key>
			<string>PBXGroup</string>
			<key>children</key>
			<array>
				<string>fileApp</string>
				<string>fileTypes</string>
				<string>fileAccountManager</string>
				<string>fileBalanceManager</string>
				<string>fileDashboardParser</string>
				<string>fileWebLoginWindowController</string>
				<string>fileKeychainHelper</string>
				<string>fileMenuContent</string>
				<string>fileSettingsView</string>
				<string>fileSettingsWindowController</string>
				<string>fileRouterManager</string>
				<string>fileClipboardHelper</string>
				<string>fileCodeEditorView</string>
				<string>fileCodexInjectionSettingsView</string>
				<string>fileAppLayer</string>
				<string>fileAuthCredential</string>
				<string>fileAuthJSONStore</string>
				<string>fileAuthLayer</string>
				<string>fileCodexHomeLocator</string>
				<string>fileKeychainStore</string>
				<string>fileOAuthDeviceFlow</string>
				<string>fileFileSystemSupport</string>
				<string>fileTOMLParser</string>
				<string>fileTOMLSerializer</string>
				<string>fileTOMLTableEquatable</string>
				<string>fileTOMLTableNested</string>
				<string>fileTOMLValue</string>
				<string>fileCodexConfigFile</string>
				<string>fileConfigLayer</string>
				<string>fileProviderConfigCodec</string>
				<string>fileProvider</string>
				<string>fileProviderCatalogStore</string>
				<string>fileProviderLayer</string>
				<string>fileSemanticColors</string>
				<string>fileStatusBadge</string>
				<string>fileViewExtensions</string>
				<string>fileRouterSettingsView</string>
				<string>fileLogsConsoleView</string>
				<string>fileSettingsSidebarView</string>
				<string>fileAccountSettingsView</string>
				<string>fileRouterSidecar</string>
				<string>fileAssets</string>
			</array>
			<key>path</key>
			<string>FreeModelMenuBar</string>
			<key>sourceTree</key>
			<string>&lt;group&gt;</string>
		</dict>

		<!-- Products Group -->
		<key>productsGroup</key>
		<dict>
			<key>isa</key>
			<string>PBXGroup</string>
			<key>children</key>
			<array>
				<string>productRef</string>
			</array>
			<key>sourceTree</key>
			<string>&lt;group&gt;</string>
		</dict>

		<!-- Native Target -->
		<key>nativeTarget</key>
		<dict>
			<key>isa</key>
			<string>PBXNativeTarget</string>
			<key>buildConfigurationList</key>
			<string>targetConfigList</string>
			<key>buildPhases</key>
			<array>
				<string>sourcesPhase</string>
				<string>frameworksPhase</string>
				<string>resourcesPhase</string>
			</array>
			<key>name</key>
			<string>FreeModelMenuBar</string>
			<key>productReference</key>
			<string>productRef</string>
			<key>productType</key>
			<string>com.apple.product-type.application</string>
		</dict>

		<!-- Build Configurations -->
		<key>buildConfigList</key>
		<dict>
			<key>isa</key>
			<string>XCConfigurationList</string>
			<key>buildConfigurations</key>
			<array>
				<string>debugConfig</string>
				<string>releaseConfig</string>
			</array>
		</dict>

		<key>debugConfig</key>
		<dict>
			<key>isa</key>
			<string>XCBuildConfiguration</string>
			<key>buildSettings</key>
			<dict>
					<key>ALWAYS_SEARCH_USER_PATHS</key>
					<string>NO</string>
					<key>ASSETCATALOG_COMPILER_APPICON_NAME</key>
					<string>AppIcon</string>
					<key>ASSETCATALOG_COMPILER_GENERATE_SWIFT_ASSET_SYMBOL_EXTENSIONS</key>
					<string>YES</string>
				<key>CLANG_ANALYZER_NONNULL</key>
				<string>YES</string>
				<key>CLANG_ANALYZER_NUMBER_OBJECT_CONVERSION</key>
				<string>YES_AGGRESSIVE</string>
				<key>CLANG_CXX_LANGUAGE_STANDARD</key>
				<string>gnu++20</string>
				<key>CLANG_ENABLE_MODULES</key>
				<string>YES</string>
				<key>CLANG_ENABLE_OBJC_ARC</key>
				<string>YES</string>
				<key>CODE_SIGN_STYLE</key>
				<string>Automatic</string>
				<key>COMBINE_HIDPI_IMAGES</key>
				<string>YES</string>
				<key>CURRENT_PROJECT_VERSION</key>
				<string>1</string>
				<key>DEVELOPMENT_TEAM</key>
				<string></string>
				<key>ENABLE_HARDENED_RUNTIME</key>
				<string>YES</string>
				<key>GENERATE_INFOPLIST_FILE</key>
				<string>YES</string>
				<key>INFOPLIST_KEY_CFBundleDisplayName</key>
				<string>FreeModel</string>
				<key>INFOPLIST_KEY_LSApplicationCategoryType</key>
				<string>public.app-category.utilities</string>
				<key>INFOPLIST_KEY_LSUIMainStoryboardFile</key>
				<string></string>
				<key>INFOPLIST_KEY_NSHumanReadableCopyright</key>
				<string></string>
				<key>LD_RUNPATH_SEARCH_PATHS</key>
				<string>$(inherited) @executable_path/../Frameworks</string>
				<key>MACOSX_DEPLOYMENT_TARGET</key>
				<string>13.0</string>
				<key>MARKETING_VERSION</key>
				<string>1.0</string>
				<key>PRODUCT_BUNDLE_IDENTIFIER</key>
				<string>com.freemodel.menubar</string>
				<key>PRODUCT_NAME</key>
				<string>$(TARGET_NAME)</string>
				<key>SWIFT_EMIT_LOC_STRINGS</key>
				<string>YES</string>
				<key>SWIFT_VERSION</key>
				<string>5.0</string>
			</dict>
			<key>name</key>
			<string>Debug</string>
		</dict>

		<key>releaseConfig</key>
		<dict>
			<key>isa</key>
			<string>XCBuildConfiguration</string>
			<key>buildSettings</key>
			<dict>
					<key>ALWAYS_SEARCH_USER_PATHS</key>
					<string>NO</string>
					<key>ASSETCATALOG_COMPILER_APPICON_NAME</key>
					<string>AppIcon</string>
					<key>ASSETCATALOG_COMPILER_GENERATE_SWIFT_ASSET_SYMBOL_EXTENSIONS</key>
					<string>YES</string>
				<key>CLANG_ANALYZER_NONNULL</key>
				<string>YES</string>
				<key>CLANG_ANALYZER_NUMBER_OBJECT_CONVERSION</key>
				<string>YES_AGGRESSIVE</string>
				<key>CLANG_CXX_LANGUAGE_STANDARD</key>
				<string>gnu++20</string>
				<key>CLANG_ENABLE_MODULES</key>
				<string>YES</string>
				<key>CLANG_ENABLE_OBJC_ARC</key>
				<string>YES</string>
				<key>CODE_SIGN_STYLE</key>
				<string>Automatic</string>
				<key>COMBINE_HIDPI_IMAGES</key>
				<string>YES</string>
				<key>CURRENT_PROJECT_VERSION</key>
				<string>1</string>
				<key>DEVELOPMENT_TEAM</key>
				<string></string>
				<key>ENABLE_HARDENED_RUNTIME</key>
				<string>YES</string>
				<key>GENERATE_INFOPLIST_FILE</key>
				<string>YES</string>
				<key>INFOPLIST_KEY_CFBundleDisplayName</key>
				<string>FreeModel</string>
				<key>INFOPLIST_KEY_LSApplicationCategoryType</key>
				<string>public.app-category.utilities</string>
				<key>INFOPLIST_KEY_LSUIMainStoryboardFile</key>
				<string></string>
				<key>INFOPLIST_KEY_NSHumanReadableCopyright</key>
				<string></string>
				<key>LD_RUNPATH_SEARCH_PATHS</key>
				<string>$(inherited) @executable_path/../Frameworks</string>
				<key>MACOSX_DEPLOYMENT_TARGET</key>
				<string>13.0</string>
				<key>MARKETING_VERSION</key>
				<string>1.0</string>
				<key>PRODUCT_BUNDLE_IDENTIFIER</key>
				<string>com.freemodel.menubar</string>
				<key>PRODUCT_NAME</key>
				<string>$(TARGET_NAME)</string>
				<key>SWIFT_EMIT_LOC_STRINGS</key>
				<string>YES</string>
				<key>SWIFT_VERSION</key>
				<string>5.0</string>
			</dict>
			<key>name</key>
			<string>Release</string>
		</dict>

		<key>targetConfigList</key>
		<dict>
			<key>isa</key>
			<string>XCConfigurationList</string>
			<key>buildConfigurations</key>
			<array>
				<string>debugConfig</string>
				<string>releaseConfig</string>
			</array>
		</dict>

		<!-- Source Build Phase -->
		<key>sourcesPhase</key>
		<dict>
			<key>isa</key>
			<string>PBXSourcesBuildPhase</string>
			<key>files</key>
			<array>
				<string>buildFileApp</string>
				<string>buildFileTypes</string>
				<string>buildFileAccountManager</string>
				<string>buildFileBalanceManager</string>
				<string>buildFileDashboardParser</string>
				<string>buildFileWebLoginWindowController</string>
				<string>buildFileKeychainHelper</string>
				<string>buildFileMenuContent</string>
				<string>buildFileSettingsView</string>
				<string>buildFileSettingsWindowController</string>
				<string>buildFileRouterManager</string>
				<string>buildFileClipboardHelper</string>
				<string>buildFileCodeEditorView</string>
				<string>buildFileCodexInjectionSettingsView</string>
				<string>buildFileAppLayer</string>
				<string>buildFileAuthCredential</string>
				<string>buildFileAuthJSONStore</string>
				<string>buildFileAuthLayer</string>
				<string>buildFileCodexHomeLocator</string>
				<string>buildFileKeychainStore</string>
				<string>buildFileOAuthDeviceFlow</string>
				<string>buildFileFileSystemSupport</string>
				<string>buildFileTOMLParser</string>
				<string>buildFileTOMLSerializer</string>
				<string>buildFileTOMLTableEquatable</string>
				<string>buildFileTOMLTableNested</string>
				<string>buildFileTOMLValue</string>
				<string>buildFileCodexConfigFile</string>
				<string>buildFileConfigLayer</string>
				<string>buildFileProviderConfigCodec</string>
				<string>buildFileProvider</string>
				<string>buildFileProviderCatalogStore</string>
				<string>buildFileProviderLayer</string>
				<string>buildFileSemanticColors</string>
				<string>buildFileStatusBadge</string>
				<string>buildFileViewExtensions</string>
				<string>buildFileRouterSettingsView</string>
				<string>buildFileLogsConsoleView</string>
				<string>buildFileSettingsSidebarView</string>
				<string>buildFileAccountSettingsView</string>
			</array>
			<key>runOnlyForDeploymentPostprocessing</key>
			<string>0</string>
		</dict>

		<!-- Frameworks Build Phase -->
		<key>frameworksPhase</key>
		<dict>
			<key>isa</key>
			<string>PBXFrameworksBuildPhase</string>
			<key>files</key>
			<array/>
			<key>runOnlyForDeploymentPostprocessing</key>
			<string>0</string>
		</dict>

		<!-- Resources Build Phase -->
		<key>resourcesPhase</key>
		<dict>
			<key>isa</key>
			<string>PBXResourcesBuildPhase</string>
			<key>files</key>
			<array>
				<string>buildFileAssets</string>
				<string>buildFileRouterSidecar</string>
			</array>
			<key>runOnlyForDeploymentPostprocessing</key>
			<string>0</string>
		</dict>

		<!-- File References -->
		<key>fileApp</key>
		<dict>
			<key>isa</key>
			<string>PBXFileReference</string>
			<key>fileEncoding</key>
			<string>4</string>
			<key>lastKnownFileType</key>
			<string>sourcecode.swift</string>
			<key>name</key>
			<string>FreeModelMenuBarApp.swift</string>
			<key>path</key>
			<string>FreeModelMenuBarApp.swift</string>
			<key>sourceTree</key>
			<string>&lt;group&gt;</string>
		</dict>
		<key>buildFileApp</key>
		<dict>
			<key>isa</key>
			<string>PBXBuildFile</string>
			<key>fileRef</key>
			<string>fileApp</string>
		</dict>

		<key>fileTypes</key>
		<dict>
			<key>isa</key>
			<string>PBXFileReference</string>
			<key>fileEncoding</key>
			<string>4</string>
			<key>lastKnownFileType</key>
			<string>sourcecode.swift</string>
			<key>name</key>
			<string>FreeModelTypes.swift</string>
			<key>path</key>
			<string>FreeModelTypes.swift</string>
			<key>sourceTree</key>
			<string>&lt;group&gt;</string>
		</dict>
		<key>buildFileTypes</key>
		<dict>
			<key>isa</key>
			<string>PBXBuildFile</string>
			<key>fileRef</key>
			<string>fileTypes</string>
		</dict>

		<key>fileAccountManager</key>
		<dict>
			<key>isa</key>
			<string>PBXFileReference</string>
			<key>fileEncoding</key>
			<string>4</string>
			<key>lastKnownFileType</key>
			<string>sourcecode.swift</string>
			<key>name</key>
			<string>AccountManager.swift</string>
			<key>path</key>
			<string>AccountManager.swift</string>
			<key>sourceTree</key>
			<string>&lt;group&gt;</string>
		</dict>
		<key>buildFileAccountManager</key>
		<dict>
			<key>isa</key>
			<string>PBXBuildFile</string>
			<key>fileRef</key>
			<string>fileAccountManager</string>
		</dict>

		<key>fileBalanceManager</key>
		<dict>
			<key>isa</key>
			<string>PBXFileReference</string>
			<key>fileEncoding</key>
			<string>4</string>
			<key>lastKnownFileType</key>
			<string>sourcecode.swift</string>
			<key>name</key>
			<string>BalanceManager.swift</string>
			<key>path</key>
			<string>BalanceManager.swift</string>
			<key>sourceTree</key>
			<string>&lt;group&gt;</string>
		</dict>
		<key>buildFileBalanceManager</key>
		<dict>
			<key>isa</key>
			<string>PBXBuildFile</string>
			<key>fileRef</key>
			<string>fileBalanceManager</string>
		</dict>

		<key>fileDashboardParser</key>
		<dict>
			<key>isa</key>
			<string>PBXFileReference</string>
			<key>fileEncoding</key>
			<string>4</string>
			<key>lastKnownFileType</key>
			<string>sourcecode.swift</string>
			<key>name</key>
			<string>FreeModelDashboardParser.swift</string>
			<key>path</key>
			<string>FreeModelDashboardParser.swift</string>
			<key>sourceTree</key>
			<string>&lt;group&gt;</string>
		</dict>
		<key>buildFileDashboardParser</key>
		<dict>
			<key>isa</key>
			<string>PBXBuildFile</string>
			<key>fileRef</key>
			<string>fileDashboardParser</string>
		</dict>

		<key>fileWebLoginWindowController</key>
		<dict>
			<key>isa</key>
			<string>PBXFileReference</string>
			<key>fileEncoding</key>
			<string>4</string>
			<key>lastKnownFileType</key>
			<string>sourcecode.swift</string>
			<key>name</key>
			<string>FreeModelWebLoginWindowController.swift</string>
			<key>path</key>
			<string>FreeModelWebLoginWindowController.swift</string>
			<key>sourceTree</key>
			<string>&lt;group&gt;</string>
		</dict>
		<key>buildFileWebLoginWindowController</key>
		<dict>
			<key>isa</key>
			<string>PBXBuildFile</string>
			<key>fileRef</key>
			<string>fileWebLoginWindowController</string>
		</dict>

		<key>fileKeychainHelper</key>
		<dict>
			<key>isa</key>
			<string>PBXFileReference</string>
			<key>fileEncoding</key>
			<string>4</string>
			<key>lastKnownFileType</key>
			<string>sourcecode.swift</string>
			<key>name</key>
			<string>KeychainHelper.swift</string>
			<key>path</key>
			<string>KeychainHelper.swift</string>
			<key>sourceTree</key>
			<string>&lt;group&gt;</string>
		</dict>
		<key>buildFileKeychainHelper</key>
		<dict>
			<key>isa</key>
			<string>PBXBuildFile</string>
			<key>fileRef</key>
			<string>fileKeychainHelper</string>
		</dict>

		<key>fileMenuContent</key>
		<dict>
			<key>isa</key>
			<string>PBXFileReference</string>
			<key>fileEncoding</key>
			<string>4</string>
			<key>lastKnownFileType</key>
			<string>sourcecode.swift</string>
			<key>name</key>
			<string>MenuContent.swift</string>
			<key>path</key>
			<string>MenuContent.swift</string>
			<key>sourceTree</key>
			<string>&lt;group&gt;</string>
		</dict>
		<key>buildFileMenuContent</key>
		<dict>
			<key>isa</key>
			<string>PBXBuildFile</string>
			<key>fileRef</key>
			<string>fileMenuContent</string>
		</dict>

		<key>fileSettingsView</key>
		<dict>
			<key>isa</key>
			<string>PBXFileReference</string>
			<key>fileEncoding</key>
			<string>4</string>
			<key>lastKnownFileType</key>
			<string>sourcecode.swift</string>
			<key>name</key>
			<string>SettingsView.swift</string>
			<key>path</key>
			<string>SettingsView.swift</string>
			<key>sourceTree</key>
			<string>&lt;group&gt;</string>
		</dict>
		<key>buildFileSettingsView</key>
		<dict>
			<key>isa</key>
			<string>PBXBuildFile</string>
			<key>fileRef</key>
			<string>fileSettingsView</string>
		</dict>

		<key>fileSettingsWindowController</key>
		<dict>
			<key>isa</key>
			<string>PBXFileReference</string>
			<key>fileEncoding</key>
			<string>4</string>
			<key>lastKnownFileType</key>
			<string>sourcecode.swift</string>
			<key>name</key>
			<string>SettingsWindowController.swift</string>
			<key>path</key>
			<string>SettingsWindowController.swift</string>
			<key>sourceTree</key>
			<string>&lt;group&gt;</string>
		</dict>
		<key>buildFileSettingsWindowController</key>
		<dict>
			<key>isa</key>
			<string>PBXBuildFile</string>
			<key>fileRef</key>
			<string>fileSettingsWindowController</string>
		</dict>

		<key>fileRouterManager</key>
		<dict>
			<key>isa</key>
			<string>PBXFileReference</string>
			<key>fileEncoding</key>
			<string>4</string>
			<key>lastKnownFileType</key>
			<string>sourcecode.swift</string>
			<key>name</key>
			<string>RouterManager.swift</string>
			<key>path</key>
			<string>RouterManager.swift</string>
			<key>sourceTree</key>
			<string>&lt;group&gt;</string>
		</dict>
		<key>buildFileRouterManager</key>
		<dict>
			<key>isa</key>
			<string>PBXBuildFile</string>
			<key>fileRef</key>
			<string>fileRouterManager</string>
		</dict>

		<key>fileRouterSidecar</key>
		<dict>
			<key>isa</key>
			<string>PBXFileReference</string>
			<key>fileEncoding</key>
			<string>4</string>
			<key>lastKnownFileType</key>
			<string>sourcecode.javascript</string>
			<key>name</key>
			<string>router_sidecar.js</string>
			<key>path</key>
			<string>router_sidecar.js</string>
			<key>sourceTree</key>
			<string>&lt;group&gt;</string>
		</dict>
		<key>buildFileRouterSidecar</key>
		<dict>
			<key>isa</key>
			<string>PBXBuildFile</string>
			<key>fileRef</key>
			<string>fileRouterSidecar</string>
		</dict>

		<key>fileAssets</key>
		<dict>
			<key>isa</key>
			<string>PBXFileReference</string>
			<key>lastKnownFileType</key>
			<string>folder.assetcatalog</string>
			<key>name</key>
			<string>Assets.xcassets</string>
			<key>path</key>
			<string>Assets.xcassets</string>
			<key>sourceTree</key>
			<string>&lt;group&gt;</string>
		</dict>
		<key>buildFileAssets</key>
		<dict>
			<key>isa</key>
			<string>PBXBuildFile</string>
			<key>fileRef</key>
			<string>fileAssets</string>
		</dict>

		<key>fileClipboardHelper</key>
		<dict>
			<key>isa</key>
			<string>PBXFileReference</string>
			<key>fileEncoding</key>
			<string>4</string>
			<key>lastKnownFileType</key>
			<string>sourcecode.swift</string>
			<key>name</key>
			<string>ClipboardHelper.swift</string>
			<key>path</key>
			<string>ClipboardHelper.swift</string>
			<key>sourceTree</key>
			<string>&lt;group&gt;</string>
		</dict>
		<key>buildFileClipboardHelper</key>
		<dict>
			<key>isa</key>
			<string>PBXBuildFile</string>
			<key>fileRef</key>
			<string>fileClipboardHelper</string>
		</dict>

		<key>fileCodeEditorView</key>
		<dict>
			<key>isa</key>
			<string>PBXFileReference</string>
			<key>fileEncoding</key>
			<string>4</string>
			<key>lastKnownFileType</key>
			<string>sourcecode.swift</string>
			<key>name</key>
			<string>CodeEditorView.swift</string>
			<key>path</key>
			<string>CodeEditorView.swift</string>
			<key>sourceTree</key>
			<string>&lt;group&gt;</string>
		</dict>
		<key>buildFileCodeEditorView</key>
		<dict>
			<key>isa</key>
			<string>PBXBuildFile</string>
			<key>fileRef</key>
			<string>fileCodeEditorView</string>
		</dict>

		<key>fileCodexInjectionSettingsView</key>
		<dict>
			<key>isa</key>
			<string>PBXFileReference</string>
			<key>fileEncoding</key>
			<string>4</string>
			<key>lastKnownFileType</key>
			<string>sourcecode.swift</string>
			<key>name</key>
			<string>CodexInjectionSettingsView.swift</string>
			<key>path</key>
			<string>CodexInjectionSettingsView.swift</string>
			<key>sourceTree</key>
			<string>&lt;group&gt;</string>
		</dict>
		<key>buildFileCodexInjectionSettingsView</key>
		<dict>
			<key>isa</key>
			<string>PBXBuildFile</string>
			<key>fileRef</key>
			<string>fileCodexInjectionSettingsView</string>
		</dict>

		<key>fileAppLayer</key>
		<dict>
			<key>isa</key>
			<string>PBXFileReference</string>
			<key>fileEncoding</key>
			<string>4</string>
			<key>lastKnownFileType</key>
			<string>sourcecode.swift</string>
			<key>name</key>
			<string>AppLayer.swift</string>
			<key>path</key>
			<string>CodexInjector/AppLayer/AppLayer.swift</string>
			<key>sourceTree</key>
			<string>&lt;group&gt;</string>
		</dict>
		<key>buildFileAppLayer</key>
		<dict>
			<key>isa</key>
			<string>PBXBuildFile</string>
			<key>fileRef</key>
			<string>fileAppLayer</string>
		</dict>

		<key>fileAuthCredential</key>
		<dict>
			<key>isa</key>
			<string>PBXFileReference</string>
			<key>fileEncoding</key>
			<string>4</string>
			<key>lastKnownFileType</key>
			<string>sourcecode.swift</string>
			<key>name</key>
			<string>AuthCredential.swift</string>
			<key>path</key>
			<string>CodexInjector/AuthLayer/AuthCredential.swift</string>
			<key>sourceTree</key>
			<string>&lt;group&gt;</string>
		</dict>
		<key>buildFileAuthCredential</key>
		<dict>
			<key>isa</key>
			<string>PBXBuildFile</string>
			<key>fileRef</key>
			<string>fileAuthCredential</string>
		</dict>

		<key>fileAuthJSONStore</key>
		<dict>
			<key>isa</key>
			<string>PBXFileReference</string>
			<key>fileEncoding</key>
			<string>4</string>
			<key>lastKnownFileType</key>
			<string>sourcecode.swift</string>
			<key>name</key>
			<string>AuthJSONStore.swift</string>
			<key>path</key>
			<string>CodexInjector/AuthLayer/AuthJSONStore.swift</string>
			<key>sourceTree</key>
			<string>&lt;group&gt;</string>
		</dict>
		<key>buildFileAuthJSONStore</key>
		<dict>
			<key>isa</key>
			<string>PBXBuildFile</string>
			<key>fileRef</key>
			<string>fileAuthJSONStore</string>
		</dict>

		<key>fileAuthLayer</key>
		<dict>
			<key>isa</key>
			<string>PBXFileReference</string>
			<key>fileEncoding</key>
			<string>4</string>
			<key>lastKnownFileType</key>
			<string>sourcecode.swift</string>
			<key>name</key>
			<string>AuthLayer.swift</string>
			<key>path</key>
			<string>CodexInjector/AuthLayer/AuthLayer.swift</string>
			<key>sourceTree</key>
			<string>&lt;group&gt;</string>
		</dict>
		<key>buildFileAuthLayer</key>
		<dict>
			<key>isa</key>
			<string>PBXBuildFile</string>
			<key>fileRef</key>
			<string>fileAuthLayer</string>
		</dict>

		<key>fileCodexHomeLocator</key>
		<dict>
			<key>isa</key>
			<string>PBXFileReference</string>
			<key>fileEncoding</key>
			<string>4</string>
			<key>lastKnownFileType</key>
			<string>sourcecode.swift</string>
			<key>name</key>
			<string>CodexHomeLocator.swift</string>
			<key>path</key>
			<string>CodexInjector/AuthLayer/CodexHomeLocator.swift</string>
			<key>sourceTree</key>
			<string>&lt;group&gt;</string>
		</dict>
		<key>buildFileCodexHomeLocator</key>
		<dict>
			<key>isa</key>
			<string>PBXBuildFile</string>
			<key>fileRef</key>
			<string>fileCodexHomeLocator</string>
		</dict>

		<key>fileKeychainStore</key>
		<dict>
			<key>isa</key>
			<string>PBXFileReference</string>
			<key>fileEncoding</key>
			<string>4</string>
			<key>lastKnownFileType</key>
			<string>sourcecode.swift</string>
			<key>name</key>
			<string>KeychainStore.swift</string>
			<key>path</key>
			<string>CodexInjector/AuthLayer/KeychainStore.swift</string>
			<key>sourceTree</key>
			<string>&lt;group&gt;</string>
		</dict>
		<key>buildFileKeychainStore</key>
		<dict>
			<key>isa</key>
			<string>PBXBuildFile</string>
			<key>fileRef</key>
			<string>fileKeychainStore</string>
		</dict>

		<key>fileOAuthDeviceFlow</key>
		<dict>
			<key>isa</key>
			<string>PBXFileReference</string>
			<key>fileEncoding</key>
			<string>4</string>
			<key>lastKnownFileType</key>
			<string>sourcecode.swift</string>
			<key>name</key>
			<string>OAuthDeviceFlow.swift</string>
			<key>path</key>
			<string>CodexInjector/AuthLayer/OAuthDeviceFlow.swift</string>
			<key>sourceTree</key>
			<string>&lt;group&gt;</string>
		</dict>
		<key>buildFileOAuthDeviceFlow</key>
		<dict>
			<key>isa</key>
			<string>PBXBuildFile</string>
			<key>fileRef</key>
			<string>fileOAuthDeviceFlow</string>
		</dict>

		<key>fileFileSystemSupport</key>
		<dict>
			<key>isa</key>
			<string>PBXFileReference</string>
			<key>fileEncoding</key>
			<string>4</string>
			<key>lastKnownFileType</key>
			<string>sourcecode.swift</string>
			<key>name</key>
			<string>FileSystemSupport.swift</string>
			<key>path</key>
			<string>CodexInjector/CodexInjectorSupport/FileSystemSupport.swift</string>
			<key>sourceTree</key>
			<string>&lt;group&gt;</string>
		</dict>
		<key>buildFileFileSystemSupport</key>
		<dict>
			<key>isa</key>
			<string>PBXBuildFile</string>
			<key>fileRef</key>
			<string>fileFileSystemSupport</string>
		</dict>

		<key>fileTOMLParser</key>
		<dict>
			<key>isa</key>
			<string>PBXFileReference</string>
			<key>fileEncoding</key>
			<string>4</string>
			<key>lastKnownFileType</key>
			<string>sourcecode.swift</string>
			<key>name</key>
			<string>TOMLParser.swift</string>
			<key>path</key>
			<string>CodexInjector/CodexInjectorSupport/TOMLParser.swift</string>
			<key>sourceTree</key>
			<string>&lt;group&gt;</string>
		</dict>
		<key>buildFileTOMLParser</key>
		<dict>
			<key>isa</key>
			<string>PBXBuildFile</string>
			<key>fileRef</key>
			<string>fileTOMLParser</string>
		</dict>

		<key>fileTOMLSerializer</key>
		<dict>
			<key>isa</key>
			<string>PBXFileReference</string>
			<key>fileEncoding</key>
			<string>4</string>
			<key>lastKnownFileType</key>
			<string>sourcecode.swift</string>
			<key>name</key>
			<string>TOMLSerializer.swift</string>
			<key>path</key>
			<string>CodexInjector/CodexInjectorSupport/TOMLSerializer.swift</string>
			<key>sourceTree</key>
			<string>&lt;group&gt;</string>
		</dict>
		<key>buildFileTOMLSerializer</key>
		<dict>
			<key>isa</key>
			<string>PBXBuildFile</string>
			<key>fileRef</key>
			<string>fileTOMLSerializer</string>
		</dict>

		<key>fileTOMLTableEquatable</key>
		<dict>
			<key>isa</key>
			<string>PBXFileReference</string>
			<key>fileEncoding</key>
			<string>4</string>
			<key>lastKnownFileType</key>
			<string>sourcecode.swift</string>
			<key>name</key>
			<string>TOMLTableEquatable.swift</string>
			<key>path</key>
			<string>CodexInjector/CodexInjectorSupport/TOMLTableEquatable.swift</string>
			<key>sourceTree</key>
			<string>&lt;group&gt;</string>
		</dict>
		<key>buildFileTOMLTableEquatable</key>
		<dict>
			<key>isa</key>
			<string>PBXBuildFile</string>
			<key>fileRef</key>
			<string>fileTOMLTableEquatable</string>
		</dict>

		<key>fileTOMLTableNested</key>
		<dict>
			<key>isa</key>
			<string>PBXFileReference</string>
			<key>fileEncoding</key>
			<string>4</string>
			<key>lastKnownFileType</key>
			<string>sourcecode.swift</string>
			<key>name</key>
			<string>TOMLTableNested.swift</string>
			<key>path</key>
			<string>CodexInjector/CodexInjectorSupport/TOMLTableNested.swift</string>
			<key>sourceTree</key>
			<string>&lt;group&gt;</string>
		</dict>
		<key>buildFileTOMLTableNested</key>
		<dict>
			<key>isa</key>
			<string>PBXBuildFile</string>
			<key>fileRef</key>
			<string>fileTOMLTableNested</string>
		</dict>

		<key>fileTOMLValue</key>
		<dict>
			<key>isa</key>
			<string>PBXFileReference</string>
			<key>fileEncoding</key>
			<string>4</string>
			<key>lastKnownFileType</key>
			<string>sourcecode.swift</string>
			<key>name</key>
			<string>TOMLValue.swift</string>
			<key>path</key>
			<string>CodexInjector/CodexInjectorSupport/TOMLValue.swift</string>
			<key>sourceTree</key>
			<string>&lt;group&gt;</string>
		</dict>
		<key>buildFileTOMLValue</key>
		<dict>
			<key>isa</key>
			<string>PBXBuildFile</string>
			<key>fileRef</key>
			<string>fileTOMLValue</string>
		</dict>

		<key>fileCodexConfigFile</key>
		<dict>
			<key>isa</key>
			<string>PBXFileReference</string>
			<key>fileEncoding</key>
			<string>4</string>
			<key>lastKnownFileType</key>
			<string>sourcecode.swift</string>
			<key>name</key>
			<string>CodexConfigFile.swift</string>
			<key>path</key>
			<string>CodexInjector/ConfigLayer/CodexConfigFile.swift</string>
			<key>sourceTree</key>
			<string>&lt;group&gt;</string>
		</dict>
		<key>buildFileCodexConfigFile</key>
		<dict>
			<key>isa</key>
			<string>PBXBuildFile</string>
			<key>fileRef</key>
			<string>fileCodexConfigFile</string>
		</dict>

		<key>fileConfigLayer</key>
		<dict>
			<key>isa</key>
			<string>PBXFileReference</string>
			<key>fileEncoding</key>
			<string>4</string>
			<key>lastKnownFileType</key>
			<string>sourcecode.swift</string>
			<key>name</key>
			<string>ConfigLayer.swift</string>
			<key>path</key>
			<string>CodexInjector/ConfigLayer/ConfigLayer.swift</string>
			<key>sourceTree</key>
			<string>&lt;group&gt;</string>
		</dict>
		<key>buildFileConfigLayer</key>
		<dict>
			<key>isa</key>
			<string>PBXBuildFile</string>
			<key>fileRef</key>
			<string>fileConfigLayer</string>
		</dict>

		<key>fileProviderConfigCodec</key>
		<dict>
			<key>isa</key>
			<string>PBXFileReference</string>
			<key>fileEncoding</key>
			<string>4</string>
			<key>lastKnownFileType</key>
			<string>sourcecode.swift</string>
			<key>name</key>
			<string>ProviderConfigCodec.swift</string>
			<key>path</key>
			<string>CodexInjector/ConfigLayer/ProviderConfigCodec.swift</string>
			<key>sourceTree</key>
			<string>&lt;group&gt;</string>
		</dict>
		<key>buildFileProviderConfigCodec</key>
		<dict>
			<key>isa</key>
			<string>PBXBuildFile</string>
			<key>fileRef</key>
			<string>fileProviderConfigCodec</string>
		</dict>

		<key>fileProvider</key>
		<dict>
			<key>isa</key>
			<string>PBXFileReference</string>
			<key>fileEncoding</key>
			<string>4</string>
			<key>lastKnownFileType</key>
			<string>sourcecode.swift</string>
			<key>name</key>
			<string>Provider.swift</string>
			<key>path</key>
			<string>CodexInjector/ProviderLayer/Provider.swift</string>
			<key>sourceTree</key>
			<string>&lt;group&gt;</string>
		</dict>
		<key>buildFileProvider</key>
		<dict>
			<key>isa</key>
			<string>PBXBuildFile</string>
			<key>fileRef</key>
			<string>fileProvider</string>
		</dict>

		<key>fileProviderCatalogStore</key>
		<dict>
			<key>isa</key>
			<string>PBXFileReference</string>
			<key>fileEncoding</key>
			<string>4</string>
			<key>lastKnownFileType</key>
			<string>sourcecode.swift</string>
			<key>name</key>
			<string>ProviderCatalogStore.swift</string>
			<key>path</key>
			<string>CodexInjector/ProviderLayer/ProviderCatalogStore.swift</string>
			<key>sourceTree</key>
			<string>&lt;group&gt;</string>
		</dict>
		<key>buildFileProviderCatalogStore</key>
		<dict>
			<key>isa</key>
			<string>PBXBuildFile</string>
			<key>fileRef</key>
			<string>fileProviderCatalogStore</string>
		</dict>

		<key>fileProviderLayer</key>
		<dict>
			<key>isa</key>
			<string>PBXFileReference</string>
			<key>fileEncoding</key>
			<string>4</string>
			<key>lastKnownFileType</key>
			<string>sourcecode.swift</string>
			<key>name</key>
			<string>ProviderLayer.swift</string>
			<key>path</key>
			<string>CodexInjector/ProviderLayer/ProviderLayer.swift</string>
			<key>sourceTree</key>
			<string>&lt;group&gt;</string>
		</dict>
		<key>buildFileProviderLayer</key>
		<dict>
			<key>isa</key>
			<string>PBXBuildFile</string>
			<key>fileRef</key>
			<string>fileProviderLayer</string>
		</dict>

		<key>fileSemanticColors</key>
		<dict>
			<key>isa</key>
			<string>PBXFileReference</string>
			<key>fileEncoding</key>
			<string>4</string>
			<key>lastKnownFileType</key>
			<string>sourcecode.swift</string>
			<key>name</key>
			<string>SemanticColors.swift</string>
			<key>path</key>
			<string>SemanticColors.swift</string>
			<key>sourceTree</key>
			<string>&lt;group&gt;</string>
		</dict>
		<key>buildFileSemanticColors</key>
		<dict>
			<key>isa</key>
			<string>PBXBuildFile</string>
			<key>fileRef</key>
			<string>fileSemanticColors</string>
		</dict>

		<key>fileStatusBadge</key>
		<dict>
			<key>isa</key>
			<string>PBXFileReference</string>
			<key>fileEncoding</key>
			<string>4</string>
			<key>lastKnownFileType</key>
			<string>sourcecode.swift</string>
			<key>name</key>
			<string>StatusBadge.swift</string>
			<key>path</key>
			<string>StatusBadge.swift</string>
			<key>sourceTree</key>
			<string>&lt;group&gt;</string>
		</dict>
		<key>buildFileStatusBadge</key>
		<dict>
			<key>isa</key>
			<string>PBXBuildFile</string>
			<key>fileRef</key>
			<string>fileStatusBadge</string>
		</dict>

		<key>fileViewExtensions</key>
		<dict>
			<key>isa</key>
			<string>PBXFileReference</string>
			<key>fileEncoding</key>
			<string>4</string>
			<key>lastKnownFileType</key>
			<string>sourcecode.swift</string>
			<key>name</key>
			<string>ViewExtensions.swift</string>
			<key>path</key>
			<string>ViewExtensions.swift</string>
			<key>sourceTree</key>
			<string>&lt;group&gt;</string>
		</dict>
		<key>buildFileViewExtensions</key>
		<dict>
			<key>isa</key>
			<string>PBXBuildFile</string>
			<key>fileRef</key>
			<string>fileViewExtensions</string>
		</dict>

		<key>fileRouterSettingsView</key>
		<dict>
			<key>isa</key>
			<string>PBXFileReference</string>
			<key>fileEncoding</key>
			<string>4</string>
			<key>lastKnownFileType</key>
			<string>sourcecode.swift</string>
			<key>name</key>
			<string>RouterSettingsView.swift</string>
			<key>path</key>
			<string>RouterSettingsView.swift</string>
			<key>sourceTree</key>
			<string>&lt;group&gt;</string>
		</dict>
		<key>buildFileRouterSettingsView</key>
		<dict>
			<key>isa</key>
			<string>PBXBuildFile</string>
			<key>fileRef</key>
			<string>fileRouterSettingsView</string>
		</dict>

		<key>fileLogsConsoleView</key>
		<dict>
			<key>isa</key>
			<string>PBXFileReference</string>
			<key>fileEncoding</key>
			<string>4</string>
			<key>lastKnownFileType</key>
			<string>sourcecode.swift</string>
			<key>name</key>
			<string>LogsConsoleView.swift</string>
			<key>path</key>
			<string>LogsConsoleView.swift</string>
			<key>sourceTree</key>
			<string>&lt;group&gt;</string>
		</dict>
		<key>buildFileLogsConsoleView</key>
		<dict>
			<key>isa</key>
			<string>PBXBuildFile</string>
			<key>fileRef</key>
			<string>fileLogsConsoleView</string>
		</dict>

		<key>fileSettingsSidebarView</key>
		<dict>
			<key>isa</key>
			<string>PBXFileReference</string>
			<key>fileEncoding</key>
			<string>4</string>
			<key>lastKnownFileType</key>
			<string>sourcecode.swift</string>
			<key>name</key>
			<string>SettingsSidebarView.swift</string>
			<key>path</key>
			<string>SettingsSidebarView.swift</string>
			<key>sourceTree</key>
			<string>&lt;group&gt;</string>
		</dict>
		<key>buildFileSettingsSidebarView</key>
		<dict>
			<key>isa</key>
			<string>PBXBuildFile</string>
			<key>fileRef</key>
			<string>fileSettingsSidebarView</string>
		</dict>

		<key>fileAccountSettingsView</key>
		<dict>
			<key>isa</key>
			<string>PBXFileReference</string>
			<key>fileEncoding</key>
			<string>4</string>
			<key>lastKnownFileType</key>
			<string>sourcecode.swift</string>
			<key>name</key>
			<string>AccountSettingsView.swift</string>
			<key>path</key>
			<string>AccountSettingsView.swift</string>
			<key>sourceTree</key>
			<string>&lt;group&gt;</string>
		</dict>
		<key>buildFileAccountSettingsView</key>
		<dict>
			<key>isa</key>
			<string>PBXBuildFile</string>
			<key>fileRef</key>
			<string>fileAccountSettingsView</string>
		</dict>

		<!-- Product Reference -->
		<key>productRef</key>
		<dict>
			<key>isa</key>
			<string>PBXFileReference</string>
			<key>explicitFileType</key>
			<string>wrapper.application</string>
			<key>includeInIndex</key>
			<string>0</string>
			<key>path</key>
			<string>FreeModelMenuBar.app</string>
			<key>sourceTree</key>
			<string>BUILT_PRODUCTS_DIR</string>
		</dict>
	</dict>
	<key>rootObject</key>
	<string>PROJECT</string>
</dict>
</plist>
